// !$*UTF8*$!
{
	archiveVersion = 1;
	classes = {
	};
	objectVersion = 46;
	objects = {

/* Begin PBXBuildFile section */
		334D63011D5572C2004F511F /* AppDelegate.swift in Sources */ = {isa = PBXBuildFile; fileRef = 334D63001D5572C2004F511F /* AppDelegate.swift */; };
		334D63031D5572C2004F511F /* ViewController.swift in Sources */ = {isa = PBXBuildFile; fileRef = 334D63021D5572C2004F511F /* ViewController.swift */; };
		334D63061D5572C2004F511F /* Main.storyboard in Resources */ = {isa = PBXBuildFile; fileRef = 334D63041D5572C2004F511F /* Main.storyboard */; };
		334D63081D5572C2004F511F /* Assets.xcassets in Resources */ = {isa = PBXBuildFile; fileRef = 334D63071D5572C2004F511F /* Assets.xcassets */; };
		334D630B1D5572C2004F511F /* LaunchScreen.storyboard in Resources */ = {isa = PBXBuildFile; fileRef = 334D63091D5572C2004F511F /* LaunchScreen.storyboard */; };
		334D63161D5572C2004F511F /* premTableTests.swift in Sources */ = {isa = PBXBuildFile; fileRef = 334D63151D5572C2004F511F /* premTableTests.swift */; };
		334D63211D5572C2004F511F /* premTableUITests.swift in Sources */ = {isa = PBXBuildFile; fileRef = 334D63201D5572C2004F511F /* premTableUITests.swift */; };
		33B1E0A61D57CCCE00005A24 /* AFC Bournemouth.png in Resources */ = {isa = PBXBuildFile; fileRef = 33B1E0921D57CCCE00005A24 /* AFC Bournemouth.png */; };
		33B1E0A71D57CCCE00005A24 /* Arsenal FC.png in Resources */ = {isa = PBXBuildFile; fileRef = 33B1E0931D57CCCE00005A24 /* Arsenal FC.png */; };
		33B1E0A81D57CCCE00005A24 /* Burnley FC.png in Resources */ = {isa = PBXBuildFile; fileRef = 33B1E0941D57CCCE00005A24 /* Burnley FC.png */; };
		33B1E0A91D57CCCE00005A24 /* Chelsea FC.png in Resources */ = {isa = PBXBuildFile; fileRef = 33B1E0951D57CCCE00005A24 /* Chelsea FC.png */; };
		33B1E0AA1D57CCCE00005A24 /* Crystal Palace FC.png in Resources */ = {isa = PBXBuildFile; fileRef = 33B1E0961D57CCCE00005A24 /* Crystal Palace FC.png */; };
		33B1E0AB1D57CCCE00005A24 /* Everton FC.png in Resources */ = {isa = PBXBuildFile; fileRef = 33B1E0971D57CCCE00005A24 /* Everton FC.png */; };
		33B1E0AC1D57CCCE00005A24 /* Hull City FC.png in Resources */ = {isa = PBXBuildFile; fileRef = 33B1E0981D57CCCE00005A24 /* Hull City FC.png */; };
		33B1E0AD1D57CCCE00005A24 /* Leicester City FC.png in Resources */ = {isa = PBXBuildFile; fileRef = 33B1E0991D57CCCE00005A24 /* Leicester City FC.png */; };
		33B1E0AE1D57CCCE00005A24 /* Liverpool FC.png in Resources */ = {isa = PBXBuildFile; fileRef = 33B1E09A1D57CCCE00005A24 /* Liverpool FC.png */; };
		33B1E0AF1D57CCCE00005A24 /* Manchester City FC.png in Resources */ = {isa = PBXBuildFile; fileRef = 33B1E09B1D57CCCE00005A24 /* Manchester City FC.png */; };
		33B1E0B01D57CCCE00005A24 /* Manchester United FC.png in Resources */ = {isa = PBXBuildFile; fileRef = 33B1E09C1D57CCCE00005A24 /* Manchester United FC.png */; };
		33B1E0B11D57CCCE00005A24 /* Middlesbrough FC.png in Resources */ = {isa = PBXBuildFile; fileRef = 33B1E09D1D57CCCE00005A24 /* Middlesbrough FC.png */; };
		33B1E0B21D57CCCE00005A24 /* Southampton FC.png in Resources */ = {isa = PBXBuildFile; fileRef = 33B1E09E1D57CCCE00005A24 /* Southampton FC.png */; };
		33B1E0B31D57CCCE00005A24 /* Stoke City FC.png in Resources */ = {isa = PBXBuildFile; fileRef = 33B1E09F1D57CCCE00005A24 /* Stoke City FC.png */; };
		33B1E0B41D57CCCE00005A24 /* Sunderland AFC.png in Resources */ = {isa = PBXBuildFile; fileRef = 33B1E0A01D57CCCE00005A24 /* Sunderland AFC.png */; };
		33B1E0B51D57CCCE00005A24 /* Swansea City FC.png in Resources */ = {isa = PBXBuildFile; fileRef = 33B1E0A11D57CCCE00005A24 /* Swansea City FC.png */; };
		33B1E0B61D57CCCE00005A24 /* Tottenham Hotspur FC.png in Resources */ = {isa = PBXBuildFile; fileRef = 33B1E0A21D57CCCE00005A24 /* Tottenham Hotspur FC.png */; };
		33B1E0B71D57CCCE00005A24 /* Watford FC.png in Resources */ = {isa = PBXBuildFile; fileRef = 33B1E0A31D57CCCE00005A24 /* Watford FC.png */; };
		33B1E0B81D57CCCE00005A24 /* West Bromwich Albion FC.png in Resources */ = {isa = PBXBuildFile; fileRef = 33B1E0A41D57CCCE00005A24 /* West Bromwich Albion FC.png */; };
		33B1E0B91D57CCCE00005A24 /* West Ham United FC.png in Resources */ = {isa = PBXBuildFile; fileRef = 33B1E0A51D57CCCE00005A24 /* West Ham United FC.png */; };
		33B1E0BC1D57D36000005A24 /* premTableLaunch.png in Resources */ = {isa = PBXBuildFile; fileRef = 33B1E0BB1D57D36000005A24 /* premTableLaunch.png */; };
		33C89C7A1D5788F800A8BB45 /* match.swift in Sources */ = {isa = PBXBuildFile; fileRef = 33C89C791D5788F800A8BB45 /* match.swift */; };
		33C89C7D1D578BC800A8BB45 /* MatchViewController.swift in Sources */ = {isa = PBXBuildFile; fileRef = 33C89C7C1D578BC800A8BB45 /* MatchViewController.swift */; };
		33C89C821D57953E00A8BB45 /* MatchTableViewCell.swift in Sources */ = {isa = PBXBuildFile; fileRef = 33C89C811D57953E00A8BB45 /* MatchTableViewCell.swift */; };
		33DD58131D564FF0007B072D /* team.swift in Sources */ = {isa = PBXBuildFile; fileRef = 33DD58121D564FF0007B072D /* team.swift */; };
		33DD58151D5665A3007B072D /* TeamTableViewCell.swift in Sources */ = {isa = PBXBuildFile; fileRef = 33DD58141D5665A3007B072D /* TeamTableViewCell.swift */; };
		3CD84EA8F77D75B519591EC0 /* Pods_premTableTests.framework in Frameworks */ = {isa = PBXBuildFile; fileRef = 7BCC912D03D448EFC87E4F7E /* Pods_premTableTests.framework */; };
		4708C883F073AEDE41A28343 /* Pods_premTable.framework in Frameworks */ = {isa = PBXBuildFile; fileRef = 4607D8FCBDE868A78CC643D7 /* Pods_premTable.framework */; };
		B1061DF91D5B6B69005F1B0A /* singleMatchController.swift in Sources */ = {isa = PBXBuildFile; fileRef = B1061DF81D5B6B69005F1B0A /* singleMatchController.swift */; };
		B1061DFB1D5BBAD0005F1B0A /* matchdayController.swift in Sources */ = {isa = PBXBuildFile; fileRef = B1061DFA1D5BBAD0005F1B0A /* matchdayController.swift */; };
		B1D3C8FF1D5A1944006E83B9 /* MatchIcon.png in Resources */ = {isa = PBXBuildFile; fileRef = B1D3C8FD1D5A1944006E83B9 /* MatchIcon.png */; };
		B1D3C9001D5A1944006E83B9 /* tableICON.png in Resources */ = {isa = PBXBuildFile; fileRef = B1D3C8FE1D5A1944006E83B9 /* tableICON.png */; };
		B1D3C9021D5A2FFD006E83B9 /* teamScheduleController.swift in Sources */ = {isa = PBXBuildFile; fileRef = B1D3C9011D5A2FFD006E83B9 /* teamScheduleController.swift */; };
		B1E574F11D590ECD00B3BDB8 /* CustomTabBar.swift in Sources */ = {isa = PBXBuildFile; fileRef = B1E574F01D590ECD00B3BDB8 /* CustomTabBar.swift */; };
		C3364DEE038BE822A76F983C /* Pods_premTableUITests.framework in Frameworks */ = {isa = PBXBuildFile; fileRef = 600FB206BD77DEA0450F4F72 /* Pods_premTableUITests.framework */; };
/* End PBXBuildFile section */

/* Begin PBXContainerItemProxy section */
		334D63121D5572C2004F511F /* PBXContainerItemProxy */ = {
			isa = PBXContainerItemProxy;
			containerPortal = 334D62F51D5572C2004F511F /* Project object */;
			proxyType = 1;
			remoteGlobalIDString = 334D62FC1D5572C2004F511F;
			remoteInfo = premTable;
		};
		334D631D1D5572C2004F511F /* PBXContainerItemProxy */ = {
			isa = PBXContainerItemProxy;
			containerPortal = 334D62F51D5572C2004F511F /* Project object */;
			proxyType = 1;
			remoteGlobalIDString = 334D62FC1D5572C2004F511F;
			remoteInfo = premTable;
		};
/* End PBXContainerItemProxy section */

/* Begin PBXFileReference section */
		07A16C64AD79B2E0658B48B7 /* Pods-premTable.release.xcconfig */ = {isa = PBXFileReference; includeInIndex = 1; lastKnownFileType = text.xcconfig; name = "Pods-premTable.release.xcconfig"; path = "Pods/Target Support Files/Pods-premTable/Pods-premTable.release.xcconfig"; sourceTree = "<group>"; };
		0C209ED75960171CA30B998A /* Pods-premTableTests.release.xcconfig */ = {isa = PBXFileReference; includeInIndex = 1; lastKnownFileType = text.xcconfig; name = "Pods-premTableTests.release.xcconfig"; path = "Pods/Target Support Files/Pods-premTableTests/Pods-premTableTests.release.xcconfig"; sourceTree = "<group>"; };
		0F965D6798003573858EF3BC /* Pods-premTableUITests.debug.xcconfig */ = {isa = PBXFileReference; includeInIndex = 1; lastKnownFileType = text.xcconfig; name = "Pods-premTableUITests.debug.xcconfig"; path = "Pods/Target Support Files/Pods-premTableUITests/Pods-premTableUITests.debug.xcconfig"; sourceTree = "<group>"; };
		334D62FD1D5572C2004F511F /* premTable.app */ = {isa = PBXFileReference; explicitFileType = wrapper.application; includeInIndex = 0; path = premTable.app; sourceTree = BUILT_PRODUCTS_DIR; };
		334D63001D5572C2004F511F /* AppDelegate.swift */ = {isa = PBXFileReference; lastKnownFileType = sourcecode.swift; path = AppDelegate.swift; sourceTree = "<group>"; };
		334D63021D5572C2004F511F /* ViewController.swift */ = {isa = PBXFileReference; lastKnownFileType = sourcecode.swift; path = ViewController.swift; sourceTree = "<group>"; };
		334D63051D5572C2004F511F /* Base */ = {isa = PBXFileReference; lastKnownFileType = file.storyboard; name = Base; path = Base.lproj/Main.storyboard; sourceTree = "<group>"; };
		334D63071D5572C2004F511F /* Assets.xcassets */ = {isa = PBXFileReference; lastKnownFileType = folder.assetcatalog; path = Assets.xcassets; sourceTree = "<group>"; };
		334D630A1D5572C2004F511F /* Base */ = {isa = PBXFileReference; lastKnownFileType = file.storyboard; name = Base; path = Base.lproj/LaunchScreen.storyboard; sourceTree = "<group>"; };
		334D630C1D5572C2004F511F /* Info.plist */ = {isa = PBXFileReference; lastKnownFileType = text.plist.xml; path = Info.plist; sourceTree = "<group>"; };
		334D63111D5572C2004F511F /* premTableTests.xctest */ = {isa = PBXFileReference; explicitFileType = wrapper.cfbundle; includeInIndex = 0; path = premTableTests.xctest; sourceTree = BUILT_PRODUCTS_DIR; };
		334D63151D5572C2004F511F /* premTableTests.swift */ = {isa = PBXFileReference; lastKnownFileType = sourcecode.swift; path = premTableTests.swift; sourceTree = "<group>"; };
		334D63171D5572C2004F511F /* Info.plist */ = {isa = PBXFileReference; lastKnownFileType = text.plist.xml; path = Info.plist; sourceTree = "<group>"; };
		334D631C1D5572C2004F511F /* premTableUITests.xctest */ = {isa = PBXFileReference; explicitFileType = wrapper.cfbundle; includeInIndex = 0; path = premTableUITests.xctest; sourceTree = BUILT_PRODUCTS_DIR; };
		334D63201D5572C2004F511F /* premTableUITests.swift */ = {isa = PBXFileReference; lastKnownFileType = sourcecode.swift; path = premTableUITests.swift; sourceTree = "<group>"; };
		334D63221D5572C2004F511F /* Info.plist */ = {isa = PBXFileReference; lastKnownFileType = text.plist.xml; path = Info.plist; sourceTree = "<group>"; };
		33B1E0921D57CCCE00005A24 /* AFC Bournemouth.png */ = {isa = PBXFileReference; lastKnownFileType = image.png; name = "AFC Bournemouth.png"; path = "Team Logos/AFC Bournemouth.png"; sourceTree = "<group>"; };
		33B1E0931D57CCCE00005A24 /* Arsenal FC.png */ = {isa = PBXFileReference; lastKnownFileType = image.png; name = "Arsenal FC.png"; path = "Team Logos/Arsenal FC.png"; sourceTree = "<group>"; };
		33B1E0941D57CCCE00005A24 /* Burnley FC.png */ = {isa = PBXFileReference; lastKnownFileType = image.png; name = "Burnley FC.png"; path = "Team Logos/Burnley FC.png"; sourceTree = "<group>"; };
		33B1E0951D57CCCE00005A24 /* Chelsea FC.png */ = {isa = PBXFileReference; lastKnownFileType = image.png; name = "Chelsea FC.png"; path = "Team Logos/Chelsea FC.png"; sourceTree = "<group>"; };
		33B1E0961D57CCCE00005A24 /* Crystal Palace FC.png */ = {isa = PBXFileReference; lastKnownFileType = image.png; name = "Crystal Palace FC.png"; path = "Team Logos/Crystal Palace FC.png"; sourceTree = "<group>"; };
		33B1E0971D57CCCE00005A24 /* Everton FC.png */ = {isa = PBXFileReference; lastKnownFileType = image.png; name = "Everton FC.png"; path = "Team Logos/Everton FC.png"; sourceTree = "<group>"; };
		33B1E0981D57CCCE00005A24 /* Hull City FC.png */ = {isa = PBXFileReference; lastKnownFileType = image.png; name = "Hull City FC.png"; path = "Team Logos/Hull City FC.png"; sourceTree = "<group>"; };
		33B1E0991D57CCCE00005A24 /* Leicester City FC.png */ = {isa = PBXFileReference; lastKnownFileType = image.png; name = "Leicester City FC.png"; path = "Team Logos/Leicester City FC.png"; sourceTree = "<group>"; };
		33B1E09A1D57CCCE00005A24 /* Liverpool FC.png */ = {isa = PBXFileReference; lastKnownFileType = image.png; name = "Liverpool FC.png"; path = "Team Logos/Liverpool FC.png"; sourceTree = "<group>"; };
		33B1E09B1D57CCCE00005A24 /* Manchester City FC.png */ = {isa = PBXFileReference; lastKnownFileType = image.png; name = "Manchester City FC.png"; path = "Team Logos/Manchester City FC.png"; sourceTree = "<group>"; };
		33B1E09C1D57CCCE00005A24 /* Manchester United FC.png */ = {isa = PBXFileReference; lastKnownFileType = image.png; name = "Manchester United FC.png"; path = "Team Logos/Manchester United FC.png"; sourceTree = "<group>"; };
		33B1E09D1D57CCCE00005A24 /* Middlesbrough FC.png */ = {isa = PBXFileReference; lastKnownFileType = image.png; name = "Middlesbrough FC.png"; path = "Team Logos/Middlesbrough FC.png"; sourceTree = "<group>"; };
		33B1E09E1D57CCCE00005A24 /* Southampton FC.png */ = {isa = PBXFileReference; lastKnownFileType = image.png; name = "Southampton FC.png"; path = "Team Logos/Southampton FC.png"; sourceTree = "<group>"; };
		33B1E09F1D57CCCE00005A24 /* Stoke City FC.png */ = {isa = PBXFileReference; lastKnownFileType = image.png; name = "Stoke City FC.png"; path = "Team Logos/Stoke City FC.png"; sourceTree = "<group>"; };
		33B1E0A01D57CCCE00005A24 /* Sunderland AFC.png */ = {isa = PBXFileReference; lastKnownFileType = image.png; name = "Sunderland AFC.png"; path = "Team Logos/Sunderland AFC.png"; sourceTree = "<group>"; };
		33B1E0A11D57CCCE00005A24 /* Swansea City FC.png */ = {isa = PBXFileReference; lastKnownFileType = image.png; name = "Swansea City FC.png"; path = "Team Logos/Swansea City FC.png"; sourceTree = "<group>"; };
		33B1E0A21D57CCCE00005A24 /* Tottenham Hotspur FC.png */ = {isa = PBXFileReference; lastKnownFileType = image.png; name = "Tottenham Hotspur FC.png"; path = "Team Logos/Tottenham Hotspur FC.png"; sourceTree = "<group>"; };
		33B1E0A31D57CCCE00005A24 /* Watford FC.png */ = {isa = PBXFileReference; lastKnownFileType = image.png; name = "Watford FC.png"; path = "Team Logos/Watford FC.png"; sourceTree = "<group>"; };
		33B1E0A41D57CCCE00005A24 /* West Bromwich Albion FC.png */ = {isa = PBXFileReference; lastKnownFileType = image.png; name = "West Bromwich Albion FC.png"; path = "Team Logos/West Bromwich Albion FC.png"; sourceTree = "<group>"; };
		33B1E0A51D57CCCE00005A24 /* West Ham United FC.png */ = {isa = PBXFileReference; lastKnownFileType = image.png; name = "West Ham United FC.png"; path = "Team Logos/West Ham United FC.png"; sourceTree = "<group>"; };
		33B1E0BB1D57D36000005A24 /* premTableLaunch.png */ = {isa = PBXFileReference; lastKnownFileType = image.png; path = premTableLaunch.png; sourceTree = "<group>"; };
		33C89C791D5788F800A8BB45 /* match.swift */ = {isa = PBXFileReference; fileEncoding = 4; lastKnownFileType = sourcecode.swift; path = match.swift; sourceTree = "<group>"; };
		33C89C7C1D578BC800A8BB45 /* MatchViewController.swift */ = {isa = PBXFileReference; fileEncoding = 4; lastKnownFileType = sourcecode.swift; name = MatchViewController.swift; path = ../MatchViewController.swift; sourceTree = "<group>"; };
		33C89C811D57953E00A8BB45 /* MatchTableViewCell.swift */ = {isa = PBXFileReference; fileEncoding = 4; lastKnownFileType = sourcecode.swift; name = MatchTableViewCell.swift; path = ../MatchTableViewCell.swift; sourceTree = "<group>"; };
		33DD58121D564FF0007B072D /* team.swift */ = {isa = PBXFileReference; fileEncoding = 4; lastKnownFileType = sourcecode.swift; path = team.swift; sourceTree = "<group>"; };
		33DD58141D5665A3007B072D /* TeamTableViewCell.swift */ = {isa = PBXFileReference; fileEncoding = 4; lastKnownFileType = sourcecode.swift; path = TeamTableViewCell.swift; sourceTree = "<group>"; };
		4607D8FCBDE868A78CC643D7 /* Pods_premTable.framework */ = {isa = PBXFileReference; explicitFileType = wrapper.framework; includeInIndex = 0; path = Pods_premTable.framework; sourceTree = BUILT_PRODUCTS_DIR; };
		600FB206BD77DEA0450F4F72 /* Pods_premTableUITests.framework */ = {isa = PBXFileReference; explicitFileType = wrapper.framework; includeInIndex = 0; path = Pods_premTableUITests.framework; sourceTree = BUILT_PRODUCTS_DIR; };
		7BCC912D03D448EFC87E4F7E /* Pods_premTableTests.framework */ = {isa = PBXFileReference; explicitFileType = wrapper.framework; includeInIndex = 0; path = Pods_premTableTests.framework; sourceTree = BUILT_PRODUCTS_DIR; };
		89B609327D0FF8D20122DEE2 /* Pods-premTable.debug.xcconfig */ = {isa = PBXFileReference; includeInIndex = 1; lastKnownFileType = text.xcconfig; name = "Pods-premTable.debug.xcconfig"; path = "Pods/Target Support Files/Pods-premTable/Pods-premTable.debug.xcconfig"; sourceTree = "<group>"; };
		AFA578CAAC1B1CE3409BFB53 /* Pods-premTableTests.debug.xcconfig */ = {isa = PBXFileReference; includeInIndex = 1; lastKnownFileType = text.xcconfig; name = "Pods-premTableTests.debug.xcconfig"; path = "Pods/Target Support Files/Pods-premTableTests/Pods-premTableTests.debug.xcconfig"; sourceTree = "<group>"; };
		B1061DF81D5B6B69005F1B0A /* singleMatchController.swift */ = {isa = PBXFileReference; fileEncoding = 4; lastKnownFileType = sourcecode.swift; path = singleMatchController.swift; sourceTree = "<group>"; };
		B1061DFA1D5BBAD0005F1B0A /* matchdayController.swift */ = {isa = PBXFileReference; fileEncoding = 4; lastKnownFileType = sourcecode.swift; path = matchdayController.swift; sourceTree = "<group>"; };
		B1D3C8FD1D5A1944006E83B9 /* MatchIcon.png */ = {isa = PBXFileReference; lastKnownFileType = image.png; name = MatchIcon.png; path = ../../../Downloads/MatchIcon.png; sourceTree = "<group>"; };
		B1D3C8FE1D5A1944006E83B9 /* tableICON.png */ = {isa = PBXFileReference; lastKnownFileType = image.png; name = tableICON.png; path = ../../../Downloads/tableICON.png; sourceTree = "<group>"; };
		B1D3C9011D5A2FFD006E83B9 /* teamScheduleController.swift */ = {isa = PBXFileReference; fileEncoding = 4; lastKnownFileType = sourcecode.swift; path = teamScheduleController.swift; sourceTree = "<group>"; };
		B1E574F01D590ECD00B3BDB8 /* CustomTabBar.swift */ = {isa = PBXFileReference; fileEncoding = 4; lastKnownFileType = sourcecode.swift; path = CustomTabBar.swift; sourceTree = "<group>"; };
		DE7458801A88A1728C2BE9AB /* Pods-premTableUITests.release.xcconfig */ = {isa = PBXFileReference; includeInIndex = 1; lastKnownFileType = text.xcconfig; name = "Pods-premTableUITests.release.xcconfig"; path = "Pods/Target Support Files/Pods-premTableUITests/Pods-premTableUITests.release.xcconfig"; sourceTree = "<group>"; };
/* End PBXFileReference section */

/* Begin PBXFrameworksBuildPhase section */
		334D62FA1D5572C2004F511F /* Frameworks */ = {
			isa = PBXFrameworksBuildPhase;
			buildActionMask = 2147483647;
			files = (
				4708C883F073AEDE41A28343 /* Pods_premTable.framework in Frameworks */,
			);
			runOnlyForDeploymentPostprocessing = 0;
		};
		334D630E1D5572C2004F511F /* Frameworks */ = {
			isa = PBXFrameworksBuildPhase;
			buildActionMask = 2147483647;
			files = (
				3CD84EA8F77D75B519591EC0 /* Pods_premTableTests.framework in Frameworks */,
			);
			runOnlyForDeploymentPostprocessing = 0;
		};
		334D63191D5572C2004F511F /* Frameworks */ = {
			isa = PBXFrameworksBuildPhase;
			buildActionMask = 2147483647;
			files = (
				C3364DEE038BE822A76F983C /* Pods_premTableUITests.framework in Frameworks */,
			);
			runOnlyForDeploymentPostprocessing = 0;
		};
/* End PBXFrameworksBuildPhase section */

/* Begin PBXGroup section */
		334D62F41D5572C2004F511F = {
			isa = PBXGroup;
			children = (
				334D62FF1D5572C2004F511F /* premTable */,
				334D63141D5572C2004F511F /* premTableTests */,
				334D631F1D5572C2004F511F /* premTableUITests */,
				334D62FE1D5572C2004F511F /* Products */,
				CCA7D7693A960AADF030A21A /* Pods */,
				5561D6AEF25A1DF82DB7CDE7 /* Frameworks */,
			);
			sourceTree = "<group>";
		};
		334D62FE1D5572C2004F511F /* Products */ = {
			isa = PBXGroup;
			children = (
				334D62FD1D5572C2004F511F /* premTable.app */,
				334D63111D5572C2004F511F /* premTableTests.xctest */,
				334D631C1D5572C2004F511F /* premTableUITests.xctest */,
			);
			name = Products;
			sourceTree = "<group>";
		};
		334D62FF1D5572C2004F511F /* premTable */ = {
			isa = PBXGroup;
			children = (
				334D63001D5572C2004F511F /* AppDelegate.swift */,
				33C89C7E1D57942600A8BB45 /* ViewControllers */,
				334D63041D5572C2004F511F /* Main.storyboard */,
				33C89C811D57953E00A8BB45 /* MatchTableViewCell.swift */,
				33DD58141D5665A3007B072D /* TeamTableViewCell.swift */,
				334D63071D5572C2004F511F /* Assets.xcassets */,
				334D63091D5572C2004F511F /* LaunchScreen.storyboard */,
				334D630C1D5572C2004F511F /* Info.plist */,
				33B1E0BA1D57CCDB00005A24 /* logos */,
				33C89C7B1D578AF000A8BB45 /* Custom Classes */,
			);
			path = premTable;
			sourceTree = "<group>";
		};
		334D63141D5572C2004F511F /* premTableTests */ = {
			isa = PBXGroup;
			children = (
				334D63151D5572C2004F511F /* premTableTests.swift */,
				334D63171D5572C2004F511F /* Info.plist */,
			);
			path = premTableTests;
			sourceTree = "<group>";
		};
		334D631F1D5572C2004F511F /* premTableUITests */ = {
			isa = PBXGroup;
			children = (
				334D63201D5572C2004F511F /* premTableUITests.swift */,
				334D63221D5572C2004F511F /* Info.plist */,
			);
			path = premTableUITests;
			sourceTree = "<group>";
		};
		33B1E0BA1D57CCDB00005A24 /* logos */ = {
			isa = PBXGroup;
			children = (
				B1D3C8FD1D5A1944006E83B9 /* MatchIcon.png */,
				B1D3C8FE1D5A1944006E83B9 /* tableICON.png */,
				33B1E0BB1D57D36000005A24 /* premTableLaunch.png */,
				33B1E0921D57CCCE00005A24 /* AFC Bournemouth.png */,
				33B1E0931D57CCCE00005A24 /* Arsenal FC.png */,
				33B1E0941D57CCCE00005A24 /* Burnley FC.png */,
				33B1E0951D57CCCE00005A24 /* Chelsea FC.png */,
				33B1E0961D57CCCE00005A24 /* Crystal Palace FC.png */,
				33B1E0971D57CCCE00005A24 /* Everton FC.png */,
				33B1E0981D57CCCE00005A24 /* Hull City FC.png */,
				33B1E0991D57CCCE00005A24 /* Leicester City FC.png */,
				33B1E09A1D57CCCE00005A24 /* Liverpool FC.png */,
				33B1E09B1D57CCCE00005A24 /* Manchester City FC.png */,
				33B1E09C1D57CCCE00005A24 /* Manchester United FC.png */,
				33B1E09D1D57CCCE00005A24 /* Middlesbrough FC.png */,
				33B1E09E1D57CCCE00005A24 /* Southampton FC.png */,
				33B1E09F1D57CCCE00005A24 /* Stoke City FC.png */,
				33B1E0A01D57CCCE00005A24 /* Sunderland AFC.png */,
				33B1E0A11D57CCCE00005A24 /* Swansea City FC.png */,
				33B1E0A21D57CCCE00005A24 /* Tottenham Hotspur FC.png */,
				33B1E0A31D57CCCE00005A24 /* Watford FC.png */,
				33B1E0A41D57CCCE00005A24 /* West Bromwich Albion FC.png */,
				33B1E0A51D57CCCE00005A24 /* West Ham United FC.png */,
			);
			name = logos;
			sourceTree = "<group>";
		};
		33C89C7B1D578AF000A8BB45 /* Custom Classes */ = {
			isa = PBXGroup;
			children = (
				33DD58121D564FF0007B072D /* team.swift */,
				33C89C791D5788F800A8BB45 /* match.swift */,
			);
			name = "Custom Classes";
			sourceTree = "<group>";
		};
		33C89C7E1D57942600A8BB45 /* ViewControllers */ = {
			isa = PBXGroup;
			children = (
				33C89C7C1D578BC800A8BB45 /* MatchViewController.swift */,
				B1061DFA1D5BBAD0005F1B0A /* matchdayController.swift */,
				334D63021D5572C2004F511F /* ViewController.swift */,
				B1E574F01D590ECD00B3BDB8 /* CustomTabBar.swift */,
				B1D3C9011D5A2FFD006E83B9 /* teamScheduleController.swift */,
				B1061DF81D5B6B69005F1B0A /* singleMatchController.swift */,
			);
			name = ViewControllers;
			sourceTree = "<group>";
		};
		5561D6AEF25A1DF82DB7CDE7 /* Frameworks */ = {
			isa = PBXGroup;
			children = (
				4607D8FCBDE868A78CC643D7 /* Pods_premTable.framework */,
				7BCC912D03D448EFC87E4F7E /* Pods_premTableTests.framework */,
				600FB206BD77DEA0450F4F72 /* Pods_premTableUITests.framework */,
			);
			name = Frameworks;
			sourceTree = "<group>";
		};
		CCA7D7693A960AADF030A21A /* Pods */ = {
			isa = PBXGroup;
			children = (
				89B609327D0FF8D20122DEE2 /* Pods-premTable.debug.xcconfig */,
				07A16C64AD79B2E0658B48B7 /* Pods-premTable.release.xcconfig */,
				AFA578CAAC1B1CE3409BFB53 /* Pods-premTableTests.debug.xcconfig */,
				0C209ED75960171CA30B998A /* Pods-premTableTests.release.xcconfig */,
				0F965D6798003573858EF3BC /* Pods-premTableUITests.debug.xcconfig */,
				DE7458801A88A1728C2BE9AB /* Pods-premTableUITests.release.xcconfig */,
			);
			name = Pods;
			sourceTree = "<group>";
		};
/* End PBXGroup section */

/* Begin PBXNativeTarget section */
		334D62FC1D5572C2004F511F /* premTable */ = {
			isa = PBXNativeTarget;
			buildConfigurationList = 334D63251D5572C2004F511F /* Build configuration list for PBXNativeTarget "premTable" */;
			buildPhases = (
				0F028D006105811501244341 /* [CP] Check Pods Manifest.lock */,
				334D62F91D5572C2004F511F /* Sources */,
				334D62FA1D5572C2004F511F /* Frameworks */,
				334D62FB1D5572C2004F511F /* Resources */,
				B39232EC4E57501E39FFFC12 /* [CP] Embed Pods Frameworks */,
				BDEE6276AFFAF6A71756F8CF /* [CP] Copy Pods Resources */,
			);
			buildRules = (
			);
			dependencies = (
			);
			name = premTable;
			productName = premTable;
			productReference = 334D62FD1D5572C2004F511F /* premTable.app */;
			productType = "com.apple.product-type.application";
		};
		334D63101D5572C2004F511F /* premTableTests */ = {
			isa = PBXNativeTarget;
			buildConfigurationList = 334D63281D5572C2004F511F /* Build configuration list for PBXNativeTarget "premTableTests" */;
			buildPhases = (
				B72DEB7C2BAFA27312050574 /* [CP] Check Pods Manifest.lock */,
				334D630D1D5572C2004F511F /* Sources */,
				334D630E1D5572C2004F511F /* Frameworks */,
				334D630F1D5572C2004F511F /* Resources */,
				434D5542B1CEF50FA1D29347 /* [CP] Embed Pods Frameworks */,
				3E6EE1B4BF871B99148FB873 /* [CP] Copy Pods Resources */,
			);
			buildRules = (
			);
			dependencies = (
				334D63131D5572C2004F511F /* PBXTargetDependency */,
			);
			name = premTableTests;
			productName = premTableTests;
			productReference = 334D63111D5572C2004F511F /* premTableTests.xctest */;
			productType = "com.apple.product-type.bundle.unit-test";
		};
		334D631B1D5572C2004F511F /* premTableUITests */ = {
			isa = PBXNativeTarget;
			buildConfigurationList = 334D632B1D5572C2004F511F /* Build configuration list for PBXNativeTarget "premTableUITests" */;
			buildPhases = (
				1C050266863B811A1E2A495C /* [CP] Check Pods Manifest.lock */,
				334D63181D5572C2004F511F /* Sources */,
				334D63191D5572C2004F511F /* Frameworks */,
				334D631A1D5572C2004F511F /* Resources */,
				AA461389581790EEA4FA5C47 /* [CP] Copy Pods Resources */,
			);
			buildRules = (
			);
			dependencies = (
				334D631E1D5572C2004F511F /* PBXTargetDependency */,
			);
			name = premTableUITests;
			productName = premTableUITests;
			productReference = 334D631C1D5572C2004F511F /* premTableUITests.xctest */;
			productType = "com.apple.product-type.bundle.ui-testing";
		};
/* End PBXNativeTarget section */

/* Begin PBXProject section */
		334D62F51D5572C2004F511F /* Project object */ = {
			isa = PBXProject;
			attributes = {
				LastSwiftUpdateCheck = 0730;
				LastUpgradeCheck = 0730;
				ORGANIZATIONNAME = HodgesApps;
				TargetAttributes = {
					334D62FC1D5572C2004F511F = {
						CreatedOnToolsVersion = 7.3.1;
						DevelopmentTeam = MEVLPVN4G7;
					};
					334D63101D5572C2004F511F = {
						CreatedOnToolsVersion = 7.3.1;
						TestTargetID = 334D62FC1D5572C2004F511F;
					};
					334D631B1D5572C2004F511F = {
						CreatedOnToolsVersion = 7.3.1;
						TestTargetID = 334D62FC1D5572C2004F511F;
					};
				};
			};
			buildConfigurationList = 334D62F81D5572C2004F511F /* Build configuration list for PBXProject "premTable" */;
			compatibilityVersion = "Xcode 3.2";
			developmentRegion = English;
			hasScannedForEncodings = 0;
			knownRegions = (
				en,
				Base,
			);
			mainGroup = 334D62F41D5572C2004F511F;
			productRefGroup = 334D62FE1D5572C2004F511F /* Products */;
			projectDirPath = "";
			projectRoot = "";
			targets = (
				334D62FC1D5572C2004F511F /* premTable */,
				334D63101D5572C2004F511F /* premTableTests */,
				334D631B1D5572C2004F511F /* premTableUITests */,
			);
		};
/* End PBXProject section */

/* Begin PBXResourcesBuildPhase section */
		334D62FB1D5572C2004F511F /* Resources */ = {
			isa = PBXResourcesBuildPhase;
			buildActionMask = 2147483647;
			files = (
				33B1E0B31D57CCCE00005A24 /* Stoke City FC.png in Resources */,
				33B1E0A71D57CCCE00005A24 /* Arsenal FC.png in Resources */,
				334D630B1D5572C2004F511F /* LaunchScreen.storyboard in Resources */,
				33B1E0A61D57CCCE00005A24 /* AFC Bournemouth.png in Resources */,
				33B1E0B01D57CCCE00005A24 /* Manchester United FC.png in Resources */,
				33B1E0B71D57CCCE00005A24 /* Watford FC.png in Resources */,
				33B1E0B81D57CCCE00005A24 /* West Bromwich Albion FC.png in Resources */,
				33B1E0AF1D57CCCE00005A24 /* Manchester City FC.png in Resources */,
				33B1E0AA1D57CCCE00005A24 /* Crystal Palace FC.png in Resources */,
				33B1E0B21D57CCCE00005A24 /* Southampton FC.png in Resources */,
				33B1E0B61D57CCCE00005A24 /* Tottenham Hotspur FC.png in Resources */,
				33B1E0AB1D57CCCE00005A24 /* Everton FC.png in Resources */,
				33B1E0AD1D57CCCE00005A24 /* Leicester City FC.png in Resources */,
				33B1E0BC1D57D36000005A24 /* premTableLaunch.png in Resources */,
				33B1E0B11D57CCCE00005A24 /* Middlesbrough FC.png in Resources */,
				334D63081D5572C2004F511F /* Assets.xcassets in Resources */,
				B1D3C9001D5A1944006E83B9 /* tableICON.png in Resources */,
				33B1E0A81D57CCCE00005A24 /* Burnley FC.png in Resources */,
				33B1E0B51D57CCCE00005A24 /* Swansea City FC.png in Resources */,
				33B1E0AE1D57CCCE00005A24 /* Liverpool FC.png in Resources */,
				33B1E0B41D57CCCE00005A24 /* Sunderland AFC.png in Resources */,
				33B1E0B91D57CCCE00005A24 /* West Ham United FC.png in Resources */,
				33B1E0AC1D57CCCE00005A24 /* Hull City FC.png in Resources */,
				B1D3C8FF1D5A1944006E83B9 /* MatchIcon.png in Resources */,
				334D63061D5572C2004F511F /* Main.storyboard in Resources */,
				33B1E0A91D57CCCE00005A24 /* Chelsea FC.png in Resources */,
			);
			runOnlyForDeploymentPostprocessing = 0;
		};
		334D630F1D5572C2004F511F /* Resources */ = {
			isa = PBXResourcesBuildPhase;
			buildActionMask = 2147483647;
			files = (
			);
			runOnlyForDeploymentPostprocessing = 0;
		};
		334D631A1D5572C2004F511F /* Resources */ = {
			isa = PBXResourcesBuildPhase;
			buildActionMask = 2147483647;
			files = (
			);
			runOnlyForDeploymentPostprocessing = 0;
		};
/* End PBXResourcesBuildPhase section */

/* Begin PBXShellScriptBuildPhase section */
		0F028D006105811501244341 /* [CP] Check Pods Manifest.lock */ = {
			isa = PBXShellScriptBuildPhase;
			buildActionMask = 2147483647;
			files = (
			);
			inputPaths = (
			);
			name = "[CP] Check Pods Manifest.lock";
			outputPaths = (
			);
			runOnlyForDeploymentPostprocessing = 0;
			shellPath = /bin/sh;
			shellScript = "diff \"${PODS_ROOT}/../Podfile.lock\" \"${PODS_ROOT}/Manifest.lock\" > /dev/null\nif [[ $? != 0 ]] ; then\n    cat << EOM\nerror: The sandbox is not in sync with the Podfile.lock. Run 'pod install' or update your CocoaPods installation.\nEOM\n    exit 1\nfi\n";
			showEnvVarsInLog = 0;
		};
		1C050266863B811A1E2A495C /* [CP] Check Pods Manifest.lock */ = {
			isa = PBXShellScriptBuildPhase;
			buildActionMask = 2147483647;
			files = (
			);
			inputPaths = (
			);
			name = "[CP] Check Pods Manifest.lock";
			outputPaths = (
			);
			runOnlyForDeploymentPostprocessing = 0;
			shellPath = /bin/sh;
			shellScript = "diff \"${PODS_ROOT}/../Podfile.lock\" \"${PODS_ROOT}/Manifest.lock\" > /dev/null\nif [[ $? != 0 ]] ; then\n    cat << EOM\nerror: The sandbox is not in sync with the Podfile.lock. Run 'pod install' or update your CocoaPods installation.\nEOM\n    exit 1\nfi\n";
			showEnvVarsInLog = 0;
		};
		3E6EE1B4BF871B99148FB873 /* [CP] Copy Pods Resources */ = {
			isa = PBXShellScriptBuildPhase;
			buildActionMask = 2147483647;
			files = (
			);
			inputPaths = (
			);
			name = "[CP] Copy Pods Resources";
			outputPaths = (
			);
			runOnlyForDeploymentPostprocessing = 0;
			shellPath = /bin/sh;
			shellScript = "\"${SRCROOT}/Pods/Target Support Files/Pods-premTableTests/Pods-premTableTests-resources.sh\"\n";
			showEnvVarsInLog = 0;
		};
		434D5542B1CEF50FA1D29347 /* [CP] Embed Pods Frameworks */ = {
			isa = PBXShellScriptBuildPhase;
			buildActionMask = 2147483647;
			files = (
			);
			inputPaths = (
			);
			name = "[CP] Embed Pods Frameworks";
			outputPaths = (
			);
			runOnlyForDeploymentPostprocessing = 0;
			shellPath = /bin/sh;
			shellScript = "\"${SRCROOT}/Pods/Target Support Files/Pods-premTableTests/Pods-premTableTests-frameworks.sh\"\n";
			showEnvVarsInLog = 0;
		};
		AA461389581790EEA4FA5C47 /* [CP] Copy Pods Resources */ = {
			isa = PBXShellScriptBuildPhase;
			buildActionMask = 2147483647;
			files = (
			);
			inputPaths = (
			);
			name = "[CP] Copy Pods Resources";
			outputPaths = (
			);
			runOnlyForDeploymentPostprocessing = 0;
			shellPath = /bin/sh;
			shellScript = "\"${SRCROOT}/Pods/Target Support Files/Pods-premTableUITests/Pods-premTableUITests-resources.sh\"\n";
			showEnvVarsInLog = 0;
		};
		B39232EC4E57501E39FFFC12 /* [CP] Embed Pods Frameworks */ = {
			isa = PBXShellScriptBuildPhase;
			buildActionMask = 2147483647;
			files = (
			);
			inputPaths = (
			);
			name = "[CP] Embed Pods Frameworks";
			outputPaths = (
			);
			runOnlyForDeploymentPostprocessing = 0;
			shellPath = /bin/sh;
			shellScript = "\"${SRCROOT}/Pods/Target Support Files/Pods-premTable/Pods-premTable-frameworks.sh\"\n";
			showEnvVarsInLog = 0;
		};
		B72DEB7C2BAFA27312050574 /* [CP] Check Pods Manifest.lock */ = {
			isa = PBXShellScriptBuildPhase;
			buildActionMask = 2147483647;
			files = (
			);
			inputPaths = (
			);
			name = "[CP] Check Pods Manifest.lock";
			outputPaths = (
			);
			runOnlyForDeploymentPostprocessing = 0;
			shellPath = /bin/sh;
			shellScript = "diff \"${PODS_ROOT}/../Podfile.lock\" \"${PODS_ROOT}/Manifest.lock\" > /dev/null\nif [[ $? != 0 ]] ; then\n    cat << EOM\nerror: The sandbox is not in sync with the Podfile.lock. Run 'pod install' or update your CocoaPods installation.\nEOM\n    exit 1\nfi\n";
			showEnvVarsInLog = 0;
		};
		BDEE6276AFFAF6A71756F8CF /* [CP] Copy Pods Resources */ = {
			isa = PBXShellScriptBuildPhase;
			buildActionMask = 2147483647;
			files = (
			);
			inputPaths = (
			);
			name = "[CP] Copy Pods Resources";
			outputPaths = (
			);
			runOnlyForDeploymentPostprocessing = 0;
			shellPath = /bin/sh;
			shellScript = "\"${SRCROOT}/Pods/Target Support Files/Pods-premTable/Pods-premTable-resources.sh\"\n";
			showEnvVarsInLog = 0;
		};
/* End PBXShellScriptBuildPhase section */

/* Begin PBXSourcesBuildPhase section */
		334D62F91D5572C2004F511F /* Sources */ = {
			isa = PBXSourcesBuildPhase;
			buildActionMask = 2147483647;
			files = (
				33C89C821D57953E00A8BB45 /* MatchTableViewCell.swift in Sources */,
				33C89C7D1D578BC800A8BB45 /* MatchViewController.swift in Sources */,
				33C89C7A1D5788F800A8BB45 /* match.swift in Sources */,
				33DD58151D5665A3007B072D /* TeamTableViewCell.swift in Sources */,
				B1061DFB1D5BBAD0005F1B0A /* matchdayController.swift in Sources */,
				B1E574F11D590ECD00B3BDB8 /* CustomTabBar.swift in Sources */,
				334D63031D5572C2004F511F /* ViewController.swift in Sources */,
				334D63011D5572C2004F511F /* AppDelegate.swift in Sources */,
				B1061DF91D5B6B69005F1B0A /* singleMatchController.swift in Sources */,
				33DD58131D564FF0007B072D /* team.swift in Sources */,
				B1D3C9021D5A2FFD006E83B9 /* teamScheduleController.swift in Sources */,
			);
			runOnlyForDeploymentPostprocessing = 0;
		};
		334D630D1D5572C2004F511F /* Sources */ = {
			isa = PBXSourcesBuildPhase;
			buildActionMask = 2147483647;
			files = (
				334D63161D5572C2004F511F /* premTableTests.swift in Sources */,
			);
			runOnlyForDeploymentPostprocessing = 0;
		};
		334D63181D5572C2004F511F /* Sources */ = {
			isa = PBXSourcesBuildPhase;
			buildActionMask = 2147483647;
			files = (
				334D63211D5572C2004F511F /* premTableUITests.swift in Sources */,
			);
			runOnlyForDeploymentPostprocessing = 0;
		};
/* End PBXSourcesBuildPhase section */

/* Begin PBXTargetDependency section */
		334D63131D5572C2004F511F /* PBXTargetDependency */ = {
			isa = PBXTargetDependency;
			target = 334D62FC1D5572C2004F511F /* premTable */;
			targetProxy = 334D63121D5572C2004F511F /* PBXContainerItemProxy */;
		};
		334D631E1D5572C2004F511F /* PBXTargetDependency */ = {
			isa = PBXTargetDependency;
			target = 334D62FC1D5572C2004F511F /* premTable */;
			targetProxy = 334D631D1D5572C2004F511F /* PBXContainerItemProxy */;
		};
/* End PBXTargetDependency section */

/* Begin PBXVariantGroup section */
		334D63041D5572C2004F511F /* Main.storyboard */ = {
			isa = PBXVariantGroup;
			children = (
				334D63051D5572C2004F511F /* Base */,
			);
			name = Main.storyboard;
			sourceTree = "<group>";
		};
		334D63091D5572C2004F511F /* LaunchScreen.storyboard */ = {
			isa = PBXVariantGroup;
			children = (
				334D630A1D5572C2004F511F /* Base */,
			);
			name = LaunchScreen.storyboard;
			sourceTree = "<group>";
		};
/* End PBXVariantGroup section */

/* Begin XCBuildConfiguration section */
		334D63231D5572C2004F511F /* Debug */ = {
			isa = XCBuildConfiguration;
			buildSettings = {
				ALWAYS_SEARCH_USER_PATHS = NO;
				CLANG_ANALYZER_NONNULL = YES;
				CLANG_CXX_LANGUAGE_STANDARD = "gnu++0x";
				CLANG_CXX_LIBRARY = "libc++";
				CLANG_ENABLE_MODULES = YES;
				CLANG_ENABLE_OBJC_ARC = YES;
				CLANG_WARN_BOOL_CONVERSION = YES;
				CLANG_WARN_CONSTANT_CONVERSION = YES;
				CLANG_WARN_DIRECT_OBJC_ISA_USAGE = YES_ERROR;
				CLANG_WARN_EMPTY_BODY = YES;
				CLANG_WARN_ENUM_CONVERSION = YES;
				CLANG_WARN_INT_CONVERSION = YES;
				CLANG_WARN_OBJC_ROOT_CLASS = YES_ERROR;
				CLANG_WARN_UNREACHABLE_CODE = YES;
				CLANG_WARN__DUPLICATE_METHOD_MATCH = YES;
				"CODE_SIGN_IDENTITY[sdk=iphoneos*]" = "iPhone Developer";
				COPY_PHASE_STRIP = NO;
				DEBUG_INFORMATION_FORMAT = dwarf;
				ENABLE_STRICT_OBJC_MSGSEND = YES;
				ENABLE_TESTABILITY = YES;
				GCC_C_LANGUAGE_STANDARD = gnu99;
				GCC_DYNAMIC_NO_PIC = NO;
				GCC_NO_COMMON_BLOCKS = YES;
				GCC_OPTIMIZATION_LEVEL = 0;
				GCC_PREPROCESSOR_DEFINITIONS = (
					"DEBUG=1",
					"$(inherited)",
				);
				GCC_WARN_64_TO_32_BIT_CONVERSION = YES;
				GCC_WARN_ABOUT_RETURN_TYPE = YES_ERROR;
				GCC_WARN_UNDECLARED_SELECTOR = YES;
				GCC_WARN_UNINITIALIZED_AUTOS = YES_AGGRESSIVE;
				GCC_WARN_UNUSED_FUNCTION = YES;
				GCC_WARN_UNUSED_VARIABLE = YES;
				IPHONEOS_DEPLOYMENT_TARGET = 9.3;
				MTL_ENABLE_DEBUG_INFO = YES;
				ONLY_ACTIVE_ARCH = YES;
				SDKROOT = iphoneos;
				SWIFT_OPTIMIZATION_LEVEL = "-Onone";
			};
			name = Debug;
		};
		334D63241D5572C2004F511F /* Release */ = {
			isa = XCBuildConfiguration;
			buildSettings = {
				ALWAYS_SEARCH_USER_PATHS = NO;
				CLANG_ANALYZER_NONNULL = YES;
				CLANG_CXX_LANGUAGE_STANDARD = "gnu++0x";
				CLANG_CXX_LIBRARY = "libc++";
				CLANG_ENABLE_MODULES = YES;
				CLANG_ENABLE_OBJC_ARC = YES;
				CLANG_WARN_BOOL_CONVERSION = YES;
				CLANG_WARN_CONSTANT_CONVERSION = YES;
				CLANG_WARN_DIRECT_OBJC_ISA_USAGE = YES_ERROR;
				CLANG_WARN_EMPTY_BODY = YES;
				CLANG_WARN_ENUM_CONVERSION = YES;
				CLANG_WARN_INT_CONVERSION = YES;
				CLANG_WARN_OBJC_ROOT_CLASS = YES_ERROR;
				CLANG_WARN_UNREACHABLE_CODE = YES;
				CLANG_WARN__DUPLICATE_METHOD_MATCH = YES;
				"CODE_SIGN_IDENTITY[sdk=iphoneos*]" = "iPhone Developer";
				COPY_PHASE_STRIP = NO;
				DEBUG_INFORMATION_FORMAT = "dwarf-with-dsym";
				ENABLE_NS_ASSERTIONS = NO;
				ENABLE_STRICT_OBJC_MSGSEND = YES;
				GCC_C_LANGUAGE_STANDARD = gnu99;
				GCC_NO_COMMON_BLOCKS = YES;
				GCC_WARN_64_TO_32_BIT_CONVERSION = YES;
				GCC_WARN_ABOUT_RETURN_TYPE = YES_ERROR;
				GCC_WARN_UNDECLARED_SELECTOR = YES;
				GCC_WARN_UNINITIALIZED_AUTOS = YES_AGGRESSIVE;
				GCC_WARN_UNUSED_FUNCTION = YES;
				GCC_WARN_UNUSED_VARIABLE = YES;
				IPHONEOS_DEPLOYMENT_TARGET = 9.3;
				MTL_ENABLE_DEBUG_INFO = NO;
				SDKROOT = iphoneos;
				VALIDATE_PRODUCT = YES;
			};
			name = Release;
		};
		334D63261D5572C2004F511F /* Debug */ = {
			isa = XCBuildConfiguration;
			baseConfigurationReference = 89B609327D0FF8D20122DEE2 /* Pods-premTable.debug.xcconfig */;
			buildSettings = {
				ASSETCATALOG_COMPILER_APPICON_NAME = AppIcon;
				CODE_SIGN_IDENTITY = "iPhone Developer";
				"CODE_SIGN_IDENTITY[sdk=iphoneos*]" = "iPhone Developer";
				INFOPLIST_FILE = premTable/Info.plist;
				LD_RUNPATH_SEARCH_PATHS = "$(inherited) @executable_path/Frameworks";
				PRODUCT_BUNDLE_IDENTIFIER = HodgesApps.premTable;
				PRODUCT_NAME = "$(TARGET_NAME)";
				PROVISIONING_PROFILE = "";
			};
			name = Debug;
		};
		334D63271D5572C2004F511F /* Release */ = {
			isa = XCBuildConfiguration;
			baseConfigurationReference = 07A16C64AD79B2E0658B48B7 /* Pods-premTable.release.xcconfig */;
			buildSettings = {
				ASSETCATALOG_COMPILER_APPICON_NAME = AppIcon;
				CODE_SIGN_IDENTITY = "iPhone Developer";
				"CODE_SIGN_IDENTITY[sdk=iphoneos*]" = "iPhone Developer";
				INFOPLIST_FILE = premTable/Info.plist;
				LD_RUNPATH_SEARCH_PATHS = "$(inherited) @executable_path/Frameworks";
				PRODUCT_BUNDLE_IDENTIFIER = HodgesApps.premTable;
				PRODUCT_NAME = "$(TARGET_NAME)";
				PROVISIONING_PROFILE = "";
			};
			name = Release;
		};
		334D63291D5572C2004F511F /* Debug */ = {
			isa = XCBuildConfiguration;
			baseConfigurationReference = AFA578CAAC1B1CE3409BFB53 /* Pods-premTableTests.debug.xcconfig */;
			buildSettings = {
				BUNDLE_LOADER = "$(TEST_HOST)";
				INFOPLIST_FILE = premTableTests/Info.plist;
				LD_RUNPATH_SEARCH_PATHS = "$(inherited) @executable_path/Frameworks @loader_path/Frameworks";
				PRODUCT_BUNDLE_IDENTIFIER = HodgesApps.premTableTests;
				PRODUCT_NAME = "$(TARGET_NAME)";
				TEST_HOST = "$(BUILT_PRODUCTS_DIR)/premTable.app/premTable";
			};
			name = Debug;
		};
		334D632A1D5572C2004F511F /* Release */ = {
			isa = XCBuildConfiguration;
			baseConfigurationReference = 0C209ED75960171CA30B998A /* Pods-premTableTests.release.xcconfig */;
			buildSettings = {
				BUNDLE_LOADER = "$(TEST_HOST)";
				INFOPLIST_FILE = premTableTests/Info.plist;
				LD_RUNPATH_SEARCH_PATHS = "$(inherited) @executable_path/Frameworks @loader_path/Frameworks";
				PRODUCT_BUNDLE_IDENTIFIER = HodgesApps.premTableTests;
				PRODUCT_NAME = "$(TARGET_NAME)";
				TEST_HOST = "$(BUILT_PRODUCTS_DIR)/premTable.app/premTable";
			};
			name = Release;
		};
		334D632C1D5572C2004F511F /* Debug */ = {
			isa = XCBuildConfiguration;
			baseConfigurationReference = 0F965D6798003573858EF3BC /* Pods-premTableUITests.debug.xcconfig */;
			buildSettings = {
				INFOPLIST_FILE = premTableUITests/Info.plist;
				LD_RUNPATH_SEARCH_PATHS = "$(inherited) @executable_path/Frameworks @loader_path/Frameworks";
				PRODUCT_BUNDLE_IDENTIFIER = HodgesApps.premTableUITests;
				PRODUCT_NAME = "$(TARGET_NAME)";
				TEST_TARGET_NAME = premTable;
			};
			name = Debug;
		};
		334D632D1D5572C2004F511F /* Release */ = {
			isa = XCBuildConfiguration;
			baseConfigurationReference = DE7458801A88A1728C2BE9AB /* Pods-premTableUITests.release.xcconfig */;
			buildSettings = {
				INFOPLIST_FILE = premTableUITests/Info.plist;
				LD_RUNPATH_SEARCH_PATHS = "$(inherited) @executable_path/Frameworks @loader_path/Frameworks";
				PRODUCT_BUNDLE_IDENTIFIER = HodgesApps.premTableUITests;
				PRODUCT_NAME = "$(TARGET_NAME)";
				TEST_TARGET_NAME = premTable;
			};
			name = Release;
		};
/* End XCBuildConfiguration section */

/* Begin XCConfigurationList section */
		334D62F81D5572C2004F511F /* Build configuration list for PBXProject "premTable" */ = {
			isa = XCConfigurationList;
			buildConfigurations = (
				334D63231D5572C2004F511F /* Debug */,
				334D63241D5572C2004F511F /* Release */,
			);
			defaultConfigurationIsVisible = 0;
			defaultConfigurationName = Release;
		};
		334D63251D5572C2004F511F /* Build configuration list for PBXNativeTarget "premTable" */ = {
			isa = XCConfigurationList;
			buildConfigurations = (
				334D63261D5572C2004F511F /* Debug */,
				334D63271D5572C2004F511F /* Release */,
			);
			defaultConfigurationIsVisible = 0;
			defaultConfigurationName = Release;
		};
		334D63281D5572C2004F511F /* Build configuration list for PBXNativeTarget "premTableTests" */ = {
			isa = XCConfigurationList;
			buildConfigurations = (
				334D63291D5572C2004F511F /* Debug */,
				334D632A1D5572C2004F511F /* Release */,
			);
			defaultConfigurationIsVisible = 0;
			defaultConfigurationName = Release;
		};
		334D632B1D5572C2004F511F /* Build configuration list for PBXNativeTarget "premTableUITests" */ = {
			isa = XCConfigurationList;
			buildConfigurations = (
				334D632C1D5572C2004F511F /* Debug */,
				334D632D1D5572C2004F511F /* Release */,
			);
			defaultConfigurationIsVisible = 0;
			defaultConfigurationName = Release;
		};
/* End XCConfigurationList section */
	};
	rootObject = 334D62F51D5572C2004F511F /* Project object */;
}
